
Microsoft Visual Studio Solution File, Format Version 12.00
# Visual Studio Version 17
VisualStudioVersion = 17.2.32516.85
MinimumVisualStudioVersion = 10.0.40219.1
Project("{9A19103F-16F7-4668-BE54-9A1E7A4F7556}") = "KampIntro", "KampIntro\KampIntro.csproj", "{98B5196C-F5CD-4B4F-8306-3CF6C572689B}"
EndProject
Project("{9A19103F-16F7-4668-BE54-9A1E7A4F7556}") = "Donguler", "Donguler\Donguler.csproj", "{DEEF13B4-78C4-436F-85F9-676144250378}"
EndProject
Project("{9A19103F-16F7-4668-BE54-9A1E7A4F7556}") = "ClassIntroVeri", "ClassIntroVeri\ClassIntroVeri.csproj", "{CF93D25A-F9DB-46AF-B8FE-A7B4B62D2306}"
EndProject
Project("{9A19103F-16F7-4668-BE54-9A1E7A4F7556}") = "Metotlar", "Metotlar\Metotlar.csproj", "{5228A73E-7E35-422B-9CB1-39F3F2663F6F}"
EndProject
Project("{9A19103F-16F7-4668-BE54-9A1E7A4F7556}") = "Matematik", "Matematik\Matematik.csproj", "{1BDFFD55-D581-45A1-B1D6-C184F010809C}"
EndProject
Project("{9A19103F-16F7-4668-BE54-9A1E7A4F7556}") = "DegerVeReferansTipler", "DegerVeReferansTipler\DegerVeReferansTipler.csproj", "{11DA4951-10E0-48D5-B1A0-ADE982F68B50}"
EndProject
Project("{9A19103F-16F7-4668-BE54-9A1E7A4F7556}") = "OOP1", "OOP1\OOP1.csproj", "{0077B11D-AD23-44E6-99E3-81B0FA5EBF82}"
EndProject
Project("{9A19103F-16F7-4668-BE54-9A1E7A4F7556}") = "Koleksiyonlar", "Koleksiyonlar\Koleksiyonlar.csproj", "{C6E7493D-5B3F-4517-A1FD-6AF45CDEC635}"
EndProject
Project("{FAE04EC0-301F-11D3-BF4B-00C04F79EFBC}") = "GenericsIntro", "GenericsIntro\GenericsIntro.csproj", "{7104C9C1-1F6E-4D73-B02F-892BD40027ED}"
EndProject
Global
	GlobalSection(SolutionConfigurationPlatforms) = preSolution
		Debug|Any CPU = Debug|Any CPU
		Release|Any CPU = Release|Any CPU
	EndGlobalSection
	GlobalSection(ProjectConfigurationPlatforms) = postSolution
		{98B5196C-F5CD-4B4F-8306-3CF6C572689B}.Debug|Any CPU.ActiveCfg = Debug|Any CPU
		{98B5196C-F5CD-4B4F-8306-3CF6C572689B}.Debug|Any CPU.Build.0 = Debug|Any CPU
		{98B5196C-F5CD-4B4F-8306-3CF6C572689B}.Release|Any CPU.ActiveCfg = Release|Any CPU
		{98B5196C-F5CD-4B4F-8306-3CF6C572689B}.Release|Any CPU.Build.0 = Release|Any CPU
		{DEEF13B4-78C4-436F-85F9-676144250378}.Debug|Any CPU.ActiveCfg = Debug|Any CPU
		{DEEF13B4-78C4-436F-85F9-676144250378}.Debug|Any CPU.Build.0 = Debug|Any CPU
		{DEEF13B4-78C4-436F-85F9-676144250378}.Release|Any CPU.ActiveCfg = Release|Any CPU
		{DEEF13B4-78C4-436F-85F9-676144250378}.Release|Any CPU.Build.0 = Release|Any CPU
		{CF93D25A-F9DB-46AF-B8FE-A7B4B62D2306}.Debug|Any CPU.ActiveCfg = Debug|Any CPU
		{CF93D25A-F9DB-46AF-B8FE-A7B4B62D2306}.Debug|Any CPU.Build.0 = Debug|Any CPU
		{CF93D25A-F9DB-46AF-B8FE-A7B4B62D2306}.Release|Any CPU.ActiveCfg = Release|Any CPU
		{CF93D25A-F9DB-46AF-B8FE-A7B4B62D2306}.Release|Any CPU.Build.0 = Release|Any CPU
		{5228A73E-7E35-422B-9CB1-39F3F2663F6F}.Debug|Any CPU.ActiveCfg = Debug|Any CPU
		{5228A73E-7E35-422B-9CB1-39F3F2663F6F}.Debug|Any CPU.Build.0 = Debug|Any CPU
		{5228A73E-7E35-422B-9CB1-39F3F2663F6F}.Release|Any CPU.ActiveCfg = Release|Any CPU
		{5228A73E-7E35-422B-9CB1-39F3F2663F6F}.Release|Any CPU.Build.0 = Release|Any CPU
		{1BDFFD55-D581-45A1-B1D6-C184F010809C}.Debug|Any CPU.ActiveCfg = Debug|Any CPU
		{1BDFFD55-D581-45A1-B1D6-C184F010809C}.Debug|Any CPU.Build.0 = Debug|Any CPU
		{1BDFFD55-D581-45A1-B1D6-C184F010809C}.Release|Any CPU.ActiveCfg = Release|Any CPU
		{1BDFFD55-D581-45A1-B1D6-C184F010809C}.Release|Any CPU.Build.0 = Release|Any CPU
		{11DA4951-10E0-48D5-B1A0-ADE982F68B50}.Debug|Any CPU.ActiveCfg = Debug|Any CPU
		{11DA4951-10E0-48D5-B1A0-ADE982F68B50}.Debug|Any CPU.Build.0 = Debug|Any CPU
		{11DA4951-10E0-48D5-B1A0-ADE982F68B50}.Release|Any CPU.ActiveCfg = Release|Any CPU
		{11DA4951-10E0-48D5-B1A0-ADE982F68B50}.Release|Any CPU.Build.0 = Release|Any CPU
		{0077B11D-AD23-44E6-99E3-81B0FA5EBF82}.Debug|Any CPU.ActiveCfg = Debug|Any CPU
		{0077B11D-AD23-44E6-99E3-81B0FA5EBF82}.Debug|Any CPU.Build.0 = Debug|Any CPU
		{0077B11D-AD23-44E6-99E3-81B0FA5EBF82}.Release|Any CPU.ActiveCfg = Release|Any CPU
		{0077B11D-AD23-44E6-99E3-81B0FA5EBF82}.Release|Any CPU.Build.0 = Release|Any CPU
		{C6E7493D-5B3F-4517-A1FD-6AF45CDEC635}.Debug|Any CPU.ActiveCfg = Debug|Any CPU
		{C6E7493D-5B3F-4517-A1FD-6AF45CDEC635}.Debug|Any CPU.Build.0 = Debug|Any CPU
		{C6E7493D-5B3F-4517-A1FD-6AF45CDEC635}.Release|Any CPU.ActiveCfg = Release|Any CPU
		{C6E7493D-5B3F-4517-A1FD-6AF45CDEC635}.Release|Any CPU.Build.0 = Release|Any CPU
		{7104C9C1-1F6E-4D73-B02F-892BD40027ED}.Debug|Any CPU.ActiveCfg = Debug|Any CPU
		{7104C9C1-1F6E-4D73-B02F-892BD40027ED}.Debug|Any CPU.Build.0 = Debug|Any CPU
		{7104C9C1-1F6E-4D73-B02F-892BD40027ED}.Release|Any CPU.ActiveCfg = Release|Any CPU
		{7104C9C1-1F6E-4D73-B02F-892BD40027ED}.Release|Any CPU.Build.0 = Release|Any CPU
	EndGlobalSection
	GlobalSection(SolutionProperties) = preSolution
		HideSolutionNode = FALSE
	EndGlobalSection
	GlobalSection(ExtensibilityGlobals) = postSolution
		SolutionGuid = {B3C4E722-716B-40DA-A9BB-1FFD765EFA15}
	EndGlobalSection
EndGlobal
